{
  "name": "notification-app-be",
  "version": "1.0.0",
  "lockfileVersion": 3,
  "requires": true,
  "packages": {
    "": {
      "name": "notification-app-be",
      "version": "1.0.0",
      "dependencies": {
        "logging-middleware": "file:../logging_middleware"
      }
    },
    "../logging_middleware": {
      "name": "logging-middleware",
      "version": "1.0.0"
    },
    "node_modules/logging-middleware": {
      "resolved": "../logging_middleware",
      "link": true
    }
  }
}
